<Solution>
  <Folder Name="/libraries/">
    <Project Path="libraries/Rootbolt.ActorIdentity/Rootbolt.ActorIdentity.csproj" />
    <Project Path="libraries/Rootbolt.Tenancy/Rootbolt.Tenancy.csproj" />
    <Project Path="libraries/Rootbolt.Persistence.EntityFrameworkCore/Rootbolt.Persistence.EntityFrameworkCore.csproj" />
  </Folder>
  <Folder Name="/modules/Catalog/">
    <Project Path="modules/Catalog/FoundryApplication.Catalog.Contracts/FoundryApplication.Catalog.Contracts.csproj" />
    <Project Path="modules/Catalog/FoundryApplication.Catalog/FoundryApplication.Catalog.csproj" />
  </Folder>
  <Folder Name="/src/">
    <Project Path="src/FoundryApplication.Host/FoundryApplication.Host.csproj" />
  </Folder>
  <Folder Name="/tests/">
    <Project Path="tests/FoundryApplication.Adoption.Tests/FoundryApplication.Adoption.Tests.csproj" />
  </Folder>
</Solution>
