<Solution>
  <Folder Name="/apps/">
    <Project Path="apps/Api/ModulithFoundry.Api.csproj" />
    <Project Path="apps/AppHost/ModulithFoundry.AppHost.csproj" />
    <Project Path="apps/Migrator/ModulithFoundry.Migrator.csproj" />
  </Folder>
  <Folder Name="/modules/Access/">
    <Project Path="modules/Access/Access.Contracts/Access.Contracts.csproj" />
    <Project Path="modules/Access/Access/Access.csproj" />
  </Folder>
  <Folder Name="/modules/Inventory/">
    <Project Path="modules/Inventory/Inventory.Contracts/Inventory.Contracts.csproj" />
    <Project Path="modules/Inventory/Inventory/Inventory.csproj" />
  </Folder>
  <Folder Name="/modules/Purchasing/">
    <Project Path="modules/Purchasing/Purchasing.Contracts/Purchasing.Contracts.csproj" />
    <Project Path="modules/Purchasing/Purchasing/Purchasing.csproj" />
  </Folder>
  <Folder Name="/modules/Sales/">
    <Project Path="modules/Sales/Sales.Contracts/Sales.Contracts.csproj" />
    <Project Path="modules/Sales/Sales/Sales.csproj" />
  </Folder>
  <Folder Name="/shared/">
    <Project Path="shared/Persistence/ModulithFoundry.Persistence.csproj" />
    <Project Path="shared/ServiceDefaults/ModulithFoundry.ServiceDefaults.csproj" />
  </Folder>
  <Folder Name="/tests/">
    <Project Path="tests/ApplicationTests/ApplicationTests.csproj" />
    <Project Path="tests/ArchitectureSupport/ArchitectureSupport.csproj" />
    <Project Path="tests/ArchitectureTests/ArchitectureTests.csproj" />
    <Project Path="tests/BrokerReceiver/BrokerReceiver.csproj" />
    <Project Path="tests/BrokerTests/BrokerTests.csproj" />
    <Project Path="tests/PersistenceTests/PersistenceTests.csproj" />
    <Project Path="tests/TopologyTests/TopologyTests.csproj" />
  </Folder>
</Solution>
