<Solution>
  <Folder Name="/Libraries/Messaging/">
    <Project Path="src/Rootbolt.Messaging/Rootbolt.Messaging/Rootbolt.Messaging.csproj" />
    <Project Path="src/Rootbolt.Messaging/Rootbolt.Messaging.EntityFrameworkCore/Rootbolt.Messaging.EntityFrameworkCore.csproj" />
    <Project Path="src/Rootbolt.Messaging/Rootbolt.Messaging.EntityFrameworkCore.Postgres/Rootbolt.Messaging.EntityFrameworkCore.Postgres.csproj" />
  </Folder>
  <Folder Name="/Libraries/Messaging/Tests/">
    <Project Path="src/Rootbolt.Messaging/tests/InboxPostgresTests/InboxPostgresTests.csproj" />
    <Project Path="src/Rootbolt.Messaging/tests/MessagingTests/MessagingTests.csproj" />
    <Project Path="src/Rootbolt.Messaging/tests/OutboxPostgresTests/OutboxPostgresTests.csproj" />
  </Folder>
  <Folder Name="/Libraries/ActorIdentity/">
    <Project Path="src/Rootbolt.ActorIdentity/Rootbolt.ActorIdentity.AspNetCore/Rootbolt.ActorIdentity.AspNetCore.csproj" />
    <Project Path="src/Rootbolt.ActorIdentity/Rootbolt.ActorIdentity/Rootbolt.ActorIdentity.csproj" />
  </Folder>
  <Folder Name="/Libraries/ActorIdentity/Tests/">
    <Project Path="src/Rootbolt.ActorIdentity/tests/ActorIdentityAspNetCoreTests/ActorIdentityAspNetCoreTests.csproj" />
    <Project Path="src/Rootbolt.ActorIdentity/tests/ActorIdentityTests/ActorIdentityTests.csproj" />
  </Folder>
  <Folder Name="/Libraries/Tenancy/">
    <Project Path="src/Rootbolt.Tenancy/Rootbolt.Tenancy/Rootbolt.Tenancy.csproj" />
    <Project Path="src/Rootbolt.Tenancy/Rootbolt.Tenancy.AspNetCore/Rootbolt.Tenancy.AspNetCore.csproj" />
  </Folder>
  <Folder Name="/Libraries/Tenancy/Tests/">
    <Project Path="src/Rootbolt.Tenancy/tests/TenantTests/TenantTests.csproj" />
    <Project Path="src/Rootbolt.Tenancy/tests/TenancyAspNetCoreTests/TenancyAspNetCoreTests.csproj" />
  </Folder>
  <Folder Name="/Libraries/Persistence/">
    <Project Path="src/Rootbolt.Persistence/Rootbolt.Persistence.EntityFrameworkCore/Rootbolt.Persistence.EntityFrameworkCore.csproj" />
  </Folder>
  <Folder Name="/Libraries/Persistence/Tests/">
    <Project Path="src/Rootbolt.Persistence/tests/EntityFrameworkCoreTests/EntityFrameworkCoreTests.csproj" />
    <Project Path="src/Rootbolt.Persistence/tests/PersistenceTests/PersistenceTests.csproj" />
  </Folder>
  <Folder Name="/Libraries/Events/">
    <Project Path="src/Rootbolt.Events/Rootbolt.Events.History/Rootbolt.Events.History.csproj" />
    <Project Path="src/Rootbolt.Events/Rootbolt.Events.Serialization/Rootbolt.Events.Serialization.csproj" />
  </Folder>
  <Folder Name="/Libraries/Events/Tests/">
    <Project Path="src/Rootbolt.Events/tests/EventHistoryTests/EventHistoryTests.csproj" />
    <Project Path="src/Rootbolt.Events/tests/EventSerializationTests/EventSerializationTests.csproj" />
  </Folder>
  <Folder Name="/Libraries/EventSourcing/">
    <Project Path="src/Rootbolt.EventSourcing/Rootbolt.EventSourcing/Rootbolt.EventSourcing.csproj" />
    <Project Path="src/Rootbolt.EventSourcing/Rootbolt.EventSourcing.EntityFrameworkCore/Rootbolt.EventSourcing.EntityFrameworkCore.csproj" />
  </Folder>
  <Folder Name="/Libraries/EventSourcing/Tests/">
    <Project Path="src/Rootbolt.EventSourcing/tests/EventSourcingPostgresTests/EventSourcingPostgresTests.csproj" />
    <Project Path="src/Rootbolt.EventSourcing/tests/EventSourcingTests/EventSourcingTests.csproj" />
  </Folder>
  <Folder Name="/Samples/">
    <Project Path="samples/InboxDemo/InboxDemo.csproj" />
    <Project Path="samples/InboxDemo.Tests/InboxDemo.Tests.csproj" />
    <Project Path="samples/MessagingDemo/MessagingDemo.csproj" />
    <Project Path="samples/OutboxDemo/OutboxDemo.csproj" />
    <Project Path="samples/OutboxDemo.Tests/OutboxDemo.Tests.csproj" />
    <Project Path="samples/EventStorageDemo/EventStorageDemo.csproj" />
    <Project Path="samples/EventStorageDemo.Tests/EventStorageDemo.Tests.csproj" />
    <Project Path="samples/Wholesale/EventPersistenceDemo/EventPersistenceDemo.csproj" />
    <Project Path="samples/Wholesale/EventPersistenceDemo.Tests/EventPersistenceDemo.Tests.csproj" />
    <Project Path="samples/Wholesale/EventCodecDemo/EventCodecDemo.csproj" />
    <Project Path="samples/Wholesale/EventCodecDemo.Tests/EventCodecDemo.Tests.csproj" />
    <Project Path="samples/Wholesale/RuntimeComposition.Tests/RuntimeComposition.Tests.csproj" />
    <Project Path="samples/Wholesale/AppHost/Wholesale.AppHost.csproj" />
    <Project Path="samples/Wholesale/ServiceDefaults/Wholesale.ServiceDefaults.csproj" />
    <Project Path="samples/Wholesale/HttpIdentityDemo/HttpIdentityDemo.csproj" />
    <Project Path="samples/Wholesale/HttpIdentityDemo.Tests/HttpIdentityDemo.Tests.csproj" />
    <Project Path="samples/Wholesale/ContextDemo/ContextDemo.csproj" />
    <Project Path="samples/Wholesale/ContextDemo.Tests/ContextDemo.Tests.csproj" />
    <Project Path="samples/Wholesale/PersistenceDemo/PersistenceDemo.csproj" />
    <Project Path="samples/Wholesale/PersistenceDemo.Tests/PersistenceDemo.Tests.csproj" />
  </Folder>
  <Folder Name="/Sample modules/">
    <Project Path="samples/Wholesale/modules/Purchasing/Purchasing/Purchasing.csproj" />
    <Project Path="samples/Wholesale/modules/Purchasing/Purchasing.Contracts/Purchasing.Contracts.csproj" />
    <Project Path="samples/Wholesale/modules/Sales/Sales/Sales.csproj" />
    <Project Path="samples/Wholesale/modules/Sales/Sales.Contracts/Sales.Contracts.csproj" />
    <Project Path="samples/Wholesale/modules/Access/Access/Access.csproj" />
    <Project Path="samples/Wholesale/modules/Access/Access.Contracts/Access.Contracts.csproj" />
    <Project Path="samples/Wholesale/modules/Inventory/Inventory/Inventory.csproj" />
    <Project Path="samples/Wholesale/modules/Inventory/Inventory.Contracts/Inventory.Contracts.csproj" />
  </Folder>
  <Folder Name="/Tests/">
    <Project Path="tests/ArchitectureTests/ArchitectureTests.csproj" />
  </Folder>
</Solution>
