<Solution>
  <Folder Name="/Libraries/">
    <Project Path="src/ModulithFoundry.Events.History/ModulithFoundry.Events.History.csproj" />
    <Project Path="src/ModulithFoundry.Events.Serialization/ModulithFoundry.Events.Serialization.csproj" />
    <Project Path="src/ModulithFoundry.ActorIdentity.AspNetCore/ModulithFoundry.ActorIdentity.AspNetCore.csproj" />
    <Project Path="src/ModulithFoundry.ActorIdentity/ModulithFoundry.ActorIdentity.csproj" />
    <Project Path="src/ModulithFoundry.Tenancy/ModulithFoundry.Tenancy.csproj" />
    <Project Path="src/ModulithFoundry.Tenancy.AspNetCore/ModulithFoundry.Tenancy.AspNetCore.csproj" />
    <Project Path="src/ModulithFoundry.Persistence.EntityFrameworkCore/ModulithFoundry.Persistence.EntityFrameworkCore.csproj" />
  </Folder>
  <Folder Name="/Samples/">
    <Project Path="samples/Wholesale/EventCodecDemo/EventCodecDemo.csproj" />
    <Project Path="samples/Wholesale/EventCodecDemo.Tests/EventCodecDemo.Tests.csproj" />
    <Project Path="samples/Wholesale/RuntimeComposition.Tests/RuntimeComposition.Tests.csproj" />
    <Project Path="samples/Wholesale/AppHost/Wholesale.AppHost.csproj" />
    <Project Path="samples/Wholesale/ServiceDefaults/Wholesale.ServiceDefaults.csproj" />
    <Project Path="samples/Wholesale/HttpIdentityDemo/HttpIdentityDemo.csproj" />
    <Project Path="samples/Wholesale/HttpIdentityDemo.Tests/HttpIdentityDemo.Tests.csproj" />
    <Project Path="samples/Wholesale/ContextDemo/ContextDemo.csproj" />
    <Project Path="samples/Wholesale/ContextDemo.Tests/ContextDemo.Tests.csproj" />
    <Project Path="samples/Wholesale/PersistenceDemo/PersistenceDemo.csproj" />
    <Project Path="samples/Wholesale/PersistenceDemo.Tests/PersistenceDemo.Tests.csproj" />
  </Folder>
  <Folder Name="/Sample modules/">
    <Project Path="samples/Wholesale/modules/Sales/Sales/Sales.csproj" />
    <Project Path="samples/Wholesale/modules/Sales/Sales.Contracts/Sales.Contracts.csproj" />
    <Project Path="samples/Wholesale/modules/Access/Access/Access.csproj" />
    <Project Path="samples/Wholesale/modules/Access/Access.Contracts/Access.Contracts.csproj" />
    <Project Path="samples/Wholesale/modules/Inventory/Inventory/Inventory.csproj" />
    <Project Path="samples/Wholesale/modules/Inventory/Inventory.Contracts/Inventory.Contracts.csproj" />
  </Folder>
  <Folder Name="/Tests/">
    <Project Path="tests/EventHistoryTests/EventHistoryTests.csproj" />
    <Project Path="tests/EventSerializationTests/EventSerializationTests.csproj" />
    <Project Path="tests/ActorIdentityAspNetCoreTests/ActorIdentityAspNetCoreTests.csproj" />
    <Project Path="tests/ArchitectureTests/ArchitectureTests.csproj" />
    <Project Path="tests/ActorIdentityTests/ActorIdentityTests.csproj" />
    <Project Path="tests/TenantTests/TenantTests.csproj" />
    <Project Path="tests/TenancyAspNetCoreTests/TenancyAspNetCoreTests.csproj" />
    <Project Path="tests/EntityFrameworkCoreTests/EntityFrameworkCoreTests.csproj" />
    <Project Path="tests/PersistenceTests/PersistenceTests.csproj" />
  </Folder>
</Solution>
